{
  "name": "wat-tag",
  "version": "1.0.0",
  "lockfileVersion": 1,
  "requires": true,
  "dependencies": {
    "@types/node": {
      "version": "11.11.0",
      "resolved": "https://registry.npmjs.org/@types/node/-/node-11.11.0.tgz",
      "integrity": "sha512-D5Rt+HXgEywr3RQJcGlZUCTCx1qVbCZpVk3/tOOA6spLNZdGm8BU+zRgdRYDoF1pO3RuXLxADzMrF903JlQXqg==",
      "dev": true
    },
    "@types/webassembly-js-api": {
      "version": "0.0.2",
      "resolved": "https://registry.npmjs.org/@types/webassembly-js-api/-/webassembly-js-api-0.0.2.tgz",
      "integrity": "sha512-htlxJRag6RUiMYUkS8Fjup+TMHO0VarpiF9MrqYaGJ0wXtIraQFz40rfA8VIeCiWy8sgpv3RLmigpgicG8fqGA==",
      "dev": true
    },
    "prettier": {
      "version": "1.16.4",
      "resolved": "https://registry.npmjs.org/prettier/-/prettier-1.16.4.tgz",
      "integrity": "sha512-ZzWuos7TI5CKUeQAtFd6Zhm2s6EpAD/ZLApIhsF9pRvRtM1RFo61dM/4MSRUA0SuLugA/zgrZD8m0BaY46Og7g==",
      "dev": true
    },
    "typescript": {
      "version": "3.3.3333",
      "resolved": "https://registry.npmjs.org/typescript/-/typescript-3.3.3333.tgz",
      "integrity": "sha512-JjSKsAfuHBE/fB2oZ8NxtRTk5iGcg6hkYXMnZ3Wc+b2RSqejEqTaem11mHASMnFilHrax3sLK0GDzcJrekZYLw==",
      "dev": true
    },
    "wabt": {
      "version": "1.0.10",
      "resolved": "https://registry.npmjs.org/wabt/-/wabt-1.0.10.tgz",
      "integrity": "sha512-UvxeSXiXLqw0NTMgGAJPm0GrToFDb062zen/QEOs55lVLLj7vi+ZRC90u6/1LSbyLGFKJndAGYF4hVkIeFFmtw=="
    }
  }
}
